// !$*UTF8*$!
{
	archiveVersion = 1;
	classes = {
	};
	objectVersion = 46;
	objects = {

/* Begin PBXBuildFile section */
		4B6E480B1D25440F00938519 /* main.m in Sources */ = {isa = PBXBuildFile; fileRef = 4B6E480A1D25440F00938519 /* main.m */; };
		4B6E480E1D25441000938519 /* AppDelegate.m in Sources */ = {isa = PBXBuildFile; fileRef = 4B6E480D1D25441000938519 /* AppDelegate.m */; };
		4B6E48111D25441000938519 /* ViewController.m in Sources */ = {isa = PBXBuildFile; fileRef = 4B6E48101D25441000938519 /* ViewController.m */; };
		4B6E48141D25441000938519 /* Main.storyboard in Resources */ = {isa = PBXBuildFile; fileRef = 4B6E48121D25441000938519 /* Main.storyboard */; };
		4B6E48161D25441000938519 /* Assets.xcassets in Resources */ = {isa = PBXBuildFile; fileRef = 4B6E48151D25441000938519 /* Assets.xcassets */; };
		4B6E48191D25441000938519 /* LaunchScreen.storyboard in Resources */ = {isa = PBXBuildFile; fileRef = 4B6E48171D25441000938519 /* LaunchScreen.storyboard */; };
		4B6E48241D25441000938519 /* LcRNTestDemoTests.m in Sources */ = {isa = PBXBuildFile; fileRef = 4B6E48231D25441000938519 /* LcRNTestDemoTests.m */; };
		4B6E482F1D25441000938519 /* LcRNTestDemoUITests.m in Sources */ = {isa = PBXBuildFile; fileRef = 4B6E482E1D25441000938519 /* LcRNTestDemoUITests.m */; };
		643B71A259A6B9772C911C47 /* libPods.a in Frameworks */ = {isa = PBXBuildFile; fileRef = C04756E6C880F6273C074D63 /* libPods.a */; };
/* End PBXBuildFile section */

/* Begin PBXContainerItemProxy section */
		4B6E48201D25441000938519 /* PBXContainerItemProxy */ = {
			isa = PBXContainerItemProxy;
			containerPortal = 4B6E47FE1D25440F00938519 /* Project object */;
			proxyType = 1;
			remoteGlobalIDString = 4B6E48051D25440F00938519;
			remoteInfo = LcRNTestDemo;
		};
		4B6E482B1D25441000938519 /* PBXContainerItemProxy */ = {
			isa = PBXContainerItemProxy;
			containerPortal = 4B6E47FE1D25440F00938519 /* Project object */;
			proxyType = 1;
			remoteGlobalIDString = 4B6E48051D25440F00938519;
			remoteInfo = LcRNTestDemo;
		};
/* End PBXContainerItemProxy section */

/* Begin PBXFileReference section */
		4B6E48061D25440F00938519 /* LcRNTestDemo.app */ = {isa = PBXFileReference; explicitFileType = wrapper.application; includeInIndex = 0; path = LcRNTestDemo.app; sourceTree = BUILT_PRODUCTS_DIR; };
		4B6E480A1D25440F00938519 /* main.m */ = {isa = PBXFileReference; lastKnownFileType = sourcecode.c.objc; path = main.m; sourceTree = "<group>"; };
		4B6E480C1D25441000938519 /* AppDelegate.h */ = {isa = PBXFileReference; lastKnownFileType = sourcecode.c.h; path = AppDelegate.h; sourceTree = "<group>"; };
		4B6E480D1D25441000938519 /* AppDelegate.m */ = {isa = PBXFileReference; lastKnownFileType = sourcecode.c.objc; path = AppDelegate.m; sourceTree = "<group>"; };
		4B6E480F1D25441000938519 /* ViewController.h */ = {isa = PBXFileReference; lastKnownFileType = sourcecode.c.h; path = ViewController.h; sourceTree = "<group>"; };
		4B6E48101D25441000938519 /* ViewController.m */ = {isa = PBXFileReference; lastKnownFileType = sourcecode.c.objc; path = ViewController.m; sourceTree = "<group>"; };
		4B6E48131D25441000938519 /* Base */ = {isa = PBXFileReference; lastKnownFileType = file.storyboard; name = Base; path = Base.lproj/Main.storyboard; sourceTree = "<group>"; };
		4B6E48151D25441000938519 /* Assets.xcassets */ = {isa = PBXFileReference; lastKnownFileType = folder.assetcatalog; path = Assets.xcassets; sourceTree = "<group>"; };
		4B6E48181D25441000938519 /* Base */ = {isa = PBXFileReference; lastKnownFileType = file.storyboard; name = Base; path = Base.lproj/LaunchScreen.storyboard; sourceTree = "<group>"; };
		4B6E481A1D25441000938519 /* Info.plist */ = {isa = PBXFileReference; lastKnownFileType = text.plist.xml; path = Info.plist; sourceTree = "<group>"; };
		4B6E481F1D25441000938519 /* LcRNTestDemoTests.xctest */ = {isa = PBXFileReference; explicitFileType = wrapper.cfbundle; includeInIndex = 0; path = LcRNTestDemoTests.xctest; sourceTree = BUILT_PRODUCTS_DIR; };
		4B6E48231D25441000938519 /* LcRNTestDemoTests.m */ = {isa = PBXFileReference; lastKnownFileType = sourcecode.c.objc; path = LcRNTestDemoTests.m; sourceTree = "<group>"; };
		4B6E48251D25441000938519 /* Info.plist */ = {isa = PBXFileReference; lastKnownFileType = text.plist.xml; path = Info.plist; sourceTree = "<group>"; };
		4B6E482A1D25441000938519 /* LcRNTestDemoUITests.xctest */ = {isa = PBXFileReference; explicitFileType = wrapper.cfbundle; includeInIndex = 0; path = LcRNTestDemoUITests.xctest; sourceTree = BUILT_PRODUCTS_DIR; };
		4B6E482E1D25441000938519 /* LcRNTestDemoUITests.m */ = {isa = PBXFileReference; lastKnownFileType = sourcecode.c.objc; path = LcRNTestDemoUITests.m; sourceTree = "<group>"; };
		4B6E48301D25441000938519 /* Info.plist */ = {isa = PBXFileReference; lastKnownFileType = text.plist.xml; path = Info.plist; sourceTree = "<group>"; };
		BCD9DFEC3B5C61BD1DBD583C /* Pods.debug.xcconfig */ = {isa = PBXFileReference; includeInIndex = 1; lastKnownFileType = text.xcconfig; name = Pods.debug.xcconfig; path = "Pods/Target Support Files/Pods/Pods.debug.xcconfig"; sourceTree = "<group>"; };
		C04756E6C880F6273C074D63 /* libPods.a */ = {isa = PBXFileReference; explicitFileType = archive.ar; includeInIndex = 0; path = libPods.a; sourceTree = BUILT_PRODUCTS_DIR; };
		CA1E4E9401DF21CFBA7E59F0 /* Pods.release.xcconfig */ = {isa = PBXFileReference; includeInIndex = 1; lastKnownFileType = text.xcconfig; name = Pods.release.xcconfig; path = "Pods/Target Support Files/Pods/Pods.release.xcconfig"; sourceTree = "<group>"; };
/* End PBXFileReference section */

/* Begin PBXFrameworksBuildPhase section */
		4B6E48031D25440F00938519 /* Frameworks */ = {
			isa = PBXFrameworksBuildPhase;
			buildActionMask = 2147483647;
			files = (
				643B71A259A6B9772C911C47 /* libPods.a in Frameworks */,
			);
			runOnlyForDeploymentPostprocessing = 0;
		};
		4B6E481C1D25441000938519 /* Frameworks */ = {
			isa = PBXFrameworksBuildPhase;
			buildActionMask = 2147483647;
			files = (
			);
			runOnlyForDeploymentPostprocessing = 0;
		};
		4B6E48271D25441000938519 /* Frameworks */ = {
			isa = PBXFrameworksBuildPhase;
			buildActionMask = 2147483647;
			files = (
			);
			runOnlyForDeploymentPostprocessing = 0;
		};
/* End PBXFrameworksBuildPhase section */

/* Begin PBXGroup section */
		365B9BE2C4E9133C93330EDD /* Frameworks */ = {
			isa = PBXGroup;
			children = (
				C04756E6C880F6273C074D63 /* libPods.a */,
			);
			name = Frameworks;
			sourceTree = "<group>";
		};
		4B6E47FD1D25440F00938519 = {
			isa = PBXGroup;
			children = (
				4B6E48081D25440F00938519 /* LcRNTestDemo */,
				4B6E48221D25441000938519 /* LcRNTestDemoTests */,
				4B6E482D1D25441000938519 /* LcRNTestDemoUITests */,
				4B6E48071D25440F00938519 /* Products */,
				BA4EDC4270173500B9138C0A /* Pods */,
				365B9BE2C4E9133C93330EDD /* Frameworks */,
			);
			sourceTree = "<group>";
		};
		4B6E48071D25440F00938519 /* Products */ = {
			isa = PBXGroup;
			children = (
				4B6E48061D25440F00938519 /* LcRNTestDemo.app */,
				4B6E481F1D25441000938519 /* LcRNTestDemoTests.xctest */,
				4B6E482A1D25441000938519 /* LcRNTestDemoUITests.xctest */,
			);
			name = Products;
			sourceTree = "<group>";
		};
		4B6E48081D25440F00938519 /* LcRNTestDemo */ = {
			isa = PBXGroup;
			children = (
				4B6E480C1D25441000938519 /* AppDelegate.h */,
				4B6E480D1D25441000938519 /* AppDelegate.m */,
				4B6E480F1D25441000938519 /* ViewController.h */,
				4B6E48101D25441000938519 /* ViewController.m */,
				4B6E48121D25441000938519 /* Main.storyboard */,
				4B6E48151D25441000938519 /* Assets.xcassets */,
				4B6E48171D25441000938519 /* LaunchScreen.storyboard */,
				4B6E481A1D25441000938519 /* Info.plist */,
				4B6E48091D25440F00938519 /* Supporting Files */,
			);
			path = LcRNTestDemo;
			sourceTree = "<group>";
		};
		4B6E48091D25440F00938519 /* Supporting Files */ = {
			isa = PBXGroup;
			children = (
				4B6E480A1D25440F00938519 /* main.m */,
			);
			name = "Supporting Files";
			sourceTree = "<group>";
		};
		4B6E48221D25441000938519 /* LcRNTestDemoTests */ = {
			isa = PBXGroup;
			children = (
				4B6E48231D25441000938519 /* LcRNTestDemoTests.m */,
				4B6E48251D25441000938519 /* Info.plist */,
			);
			path = LcRNTestDemoTests;
			sourceTree = "<group>";
		};
		4B6E482D1D25441000938519 /* LcRNTestDemoUITests */ = {
			isa = PBXGroup;
			children = (
				4B6E482E1D25441000938519 /* LcRNTestDemoUITests.m */,
				4B6E48301D25441000938519 /* Info.plist */,
			);
			path = LcRNTestDemoUITests;
			sourceTree = "<group>";
		};
		BA4EDC4270173500B9138C0A /* Pods */ = {
			isa = PBXGroup;
			children = (
				BCD9DFEC3B5C61BD1DBD583C /* Pods.debug.xcconfig */,
				CA1E4E9401DF21CFBA7E59F0 /* Pods.release.xcconfig */,
			);
			name = Pods;
			sourceTree = "<group>";
		};
/* End PBXGroup section */

/* Begin PBXNativeTarget section */
		4B6E48051D25440F00938519 /* LcRNTestDemo */ = {
			isa = PBXNativeTarget;
			buildConfigurationList = 4B6E48331D25441000938519 /* Build configuration list for PBXNativeTarget "LcRNTestDemo" */;
			buildPhases = (
				4F5CCA38B163F2A1DCD58CDE /* Check Pods Manifest.lock */,
				4B6E48021D25440F00938519 /* Sources */,
				4B6E48031D25440F00938519 /* Frameworks */,
				4B6E48041D25440F00938519 /* Resources */,
				6DD0EF9843A36BEC9ECE2036 /* Embed Pods Frameworks */,
				00B37771C9E110F1F31440BF /* Copy Pods Resources */,
			);
			buildRules = (
			);
			dependencies = (
			);
			name = LcRNTestDemo;
			productName = LcRNTestDemo;
			productReference = 4B6E48061D25440F00938519 /* LcRNTestDemo.app */;
			productType = "com.apple.product-type.application";
		};
		4B6E481E1D25441000938519 /* LcRNTestDemoTests */ = {
			isa = PBXNativeTarget;
			buildConfigurationList = 4B6E48361D25441000938519 /* Build configuration list for PBXNativeTarget "LcRNTestDemoTests" */;
			buildPhases = (
				4B6E481B1D25441000938519 /* Sources */,
				4B6E481C1D25441000938519 /* Frameworks */,
				4B6E481D1D25441000938519 /* Resources */,
			);
			buildRules = (
			);
			dependencies = (
				4B6E48211D25441000938519 /* PBXTargetDependency */,
			);
			name = LcRNTestDemoTests;
			productName = LcRNTestDemoTests;
			productReference = 4B6E481F1D25441000938519 /* LcRNTestDemoTests.xctest */;
			productType = "com.apple.product-type.bundle.unit-test";
		};
		4B6E48291D25441000938519 /* LcRNTestDemoUITests */ = {
			isa = PBXNativeTarget;
			buildConfigurationList = 4B6E48391D25441000938519 /* Build configuration list for PBXNativeTarget "LcRNTestDemoUITests" */;
			buildPhases = (
				4B6E48261D25441000938519 /* Sources */,
				4B6E48271D25441000938519 /* Frameworks */,
				4B6E48281D25441000938519 /* Resources */,
			);
			buildRules = (
			);
			dependencies = (
				4B6E482C1D25441000938519 /* PBXTargetDependency */,
			);
			name = LcRNTestDemoUITests;
			productName = LcRNTestDemoUITests;
			productReference = 4B6E482A1D25441000938519 /* LcRNTestDemoUITests.xctest */;
			productType = "com.apple.product-type.bundle.ui-testing";
		};
/* End PBXNativeTarget section */

/* Begin PBXProject section */
		4B6E47FE1D25440F00938519 /* Project object */ = {
			isa = PBXProject;
			attributes = {
				LastUpgradeCheck = 0730;
				ORGANIZATIONNAME = LcLouis;
				TargetAttributes = {
					4B6E48051D25440F00938519 = {
						CreatedOnToolsVersion = 7.3.1;
						DevelopmentTeam = XZ36U65X5D;
					};
					4B6E481E1D25441000938519 = {
						CreatedOnToolsVersion = 7.3.1;
						DevelopmentTeam = XZ36U65X5D;
						TestTargetID = 4B6E48051D25440F00938519;
					};
					4B6E48291D25441000938519 = {
						CreatedOnToolsVersion = 7.3.1;
						DevelopmentTeam = XZ36U65X5D;
						TestTargetID = 4B6E48051D25440F00938519;
					};
				};
			};
			buildConfigurationList = 4B6E48011D25440F00938519 /* Build configuration list for PBXProject "LcRNTestDemo" */;
			compatibilityVersion = "Xcode 3.2";
			developmentRegion = English;
			hasScannedForEncodings = 0;
			knownRegions = (
				en,
				Base,
			);
			mainGroup = 4B6E47FD1D25440F00938519;
			productRefGroup = 4B6E48071D25440F00938519 /* Products */;
			projectDirPath = "";
			projectRoot = "";
			targets = (
				4B6E48051D25440F00938519 /* LcRNTestDemo */,
				4B6E481E1D25441000938519 /* LcRNTestDemoTests */,
				4B6E48291D25441000938519 /* LcRNTestDemoUITests */,
			);
		};
/* End PBXProject section */

/* Begin PBXResourcesBuildPhase section */
		4B6E48041D25440F00938519 /* Resources */ = {
			isa = PBXResourcesBuildPhase;
			buildActionMask = 2147483647;
			files = (
				4B6E48191D25441000938519 /* LaunchScreen.storyboard in Resources */,
				4B6E48161D25441000938519 /* Assets.xcassets in Resources */,
				4B6E48141D25441000938519 /* Main.storyboard in Resources */,
			);
			runOnlyForDeploymentPostprocessing = 0;
		};
		4B6E481D1D25441000938519 /* Resources */ = {
			isa = PBXResourcesBuildPhase;
			buildActionMask = 2147483647;
			files = (
			);
			runOnlyForDeploymentPostprocessing = 0;
		};
		4B6E48281D25441000938519 /* Resources */ = {
			isa = PBXResourcesBuildPhase;
			buildActionMask = 2147483647;
			files = (
			);
			runOnlyForDeploymentPostprocessing = 0;
		};
/* End PBXResourcesBuildPhase section */

/* Begin PBXShellScriptBuildPhase section */
		00B37771C9E110F1F31440BF /* Copy Pods Resources */ = {
			isa = PBXShellScriptBuildPhase;
			buildActionMask = 2147483647;
			files = (
			);
			inputPaths = (
			);
			name = "Copy Pods Resources";
			outputPaths = (
			);
			runOnlyForDeploymentPostprocessing = 0;
			shellPath = /bin/sh;
			shellScript = "\"${SRCROOT}/Pods/Target Support Files/Pods/Pods-resources.sh\"\n";
			showEnvVarsInLog = 0;
		};
		4F5CCA38B163F2A1DCD58CDE /* Check Pods Manifest.lock */ = {
			isa = PBXShellScriptBuildPhase;
			buildActionMask = 2147483647;
			files = (
			);
			inputPaths = (
			);
			name = "Check Pods Manifest.lock";
			outputPaths = (
			);
			runOnlyForDeploymentPostprocessing = 0;
			shellPath = /bin/sh;
			shellScript = "diff \"${PODS_ROOT}/../Podfile.lock\" \"${PODS_ROOT}/Manifest.lock\" > /dev/null\nif [[ $? != 0 ]] ; then\n    cat << EOM\nerror: The sandbox is not in sync with the Podfile.lock. Run 'pod install' or update your CocoaPods installation.\nEOM\n    exit 1\nfi\n";
			showEnvVarsInLog = 0;
		};
		6DD0EF9843A36BEC9ECE2036 /* Embed Pods Frameworks */ = {
			isa = PBXShellScriptBuildPhase;
			buildActionMask = 2147483647;
			files = (
			);
			inputPaths = (
			);
			name = "Embed Pods Frameworks";
			outputPaths = (
			);
			runOnlyForDeploymentPostprocessing = 0;
			shellPath = /bin/sh;
			shellScript = "\"${SRCROOT}/Pods/Target Support Files/Pods/Pods-frameworks.sh\"\n";
			showEnvVarsInLog = 0;
		};
/* End PBXShellScriptBuildPhase section */

/* Begin PBXSourcesBuildPhase section */
		4B6E48021D25440F00938519 /* Sources */ = {
			isa = PBXSourcesBuildPhase;
			buildActionMask = 2147483647;
			files = (
				4B6E48111D25441000938519 /* ViewController.m in Sources */,
				4B6E480E1D25441000938519 /* AppDelegate.m in Sources */,
				4B6E480B1D25440F00938519 /* main.m in Sources */,
			);
			runOnlyForDeploymentPostprocessing = 0;
		};
		4B6E481B1D25441000938519 /* Sources */ = {
			isa = PBXSourcesBuildPhase;
			buildActionMask = 2147483647;
			files = (
				4B6E48241D25441000938519 /* LcRNTestDemoTests.m in Sources */,
			);
			runOnlyForDeploymentPostprocessing = 0;
		};
		4B6E48261D25441000938519 /* Sources */ = {
			isa = PBXSourcesBuildPhase;
			buildActionMask = 2147483647;
			files = (
				4B6E482F1D25441000938519 /* LcRNTestDemoUITests.m in Sources */,
			);
			runOnlyForDeploymentPostprocessing = 0;
		};
/* End PBXSourcesBuildPhase section */

/* Begin PBXTargetDependency section */
		4B6E48211D25441000938519 /* PBXTargetDependency */ = {
			isa = PBXTargetDependency;
			target = 4B6E48051D25440F00938519 /* LcRNTestDemo */;
			targetProxy = 4B6E48201D25441000938519 /* PBXContainerItemProxy */;
		};
		4B6E482C1D25441000938519 /* PBXTargetDependency */ = {
			isa = PBXTargetDependency;
			target = 4B6E48051D25440F00938519 /* LcRNTestDemo */;
			targetProxy = 4B6E482B1D25441000938519 /* PBXContainerItemProxy */;
		};
/* End PBXTargetDependency section */

/* Begin PBXVariantGroup section */
		4B6E48121D25441000938519 /* Main.storyboard */ = {
			isa = PBXVariantGroup;
			children = (
				4B6E48131D25441000938519 /* Base */,
			);
			name = Main.storyboard;
			sourceTree = "<group>";
		};
		4B6E48171D25441000938519 /* LaunchScreen.storyboard */ = {
			isa = PBXVariantGroup;
			children = (
				4B6E48181D25441000938519 /* Base */,
			);
			name = LaunchScreen.storyboard;
			sourceTree = "<group>";
		};
/* End PBXVariantGroup section */

/* Begin XCBuildConfiguration section */
		4B6E48311D25441000938519 /* Debug */ = {
			isa = XCBuildConfiguration;
			buildSettings = {
				ALWAYS_SEARCH_USER_PATHS = NO;
				CLANG_ANALYZER_NONNULL = YES;
				CLANG_CXX_LANGUAGE_STANDARD = "gnu++0x";
				CLANG_CXX_LIBRARY = "libc++";
				CLANG_ENABLE_MODULES = YES;
				CLANG_ENABLE_OBJC_ARC = YES;
				CLANG_WARN_BOOL_CONVERSION = YES;
				CLANG_WARN_CONSTANT_CONVERSION = YES;
				CLANG_WARN_DIRECT_OBJC_ISA_USAGE = YES_ERROR;
				CLANG_WARN_EMPTY_BODY = YES;
				CLANG_WARN_ENUM_CONVERSION = YES;
				CLANG_WARN_INT_CONVERSION = YES;
				CLANG_WARN_OBJC_ROOT_CLASS = YES_ERROR;
				CLANG_WARN_UNREACHABLE_CODE = YES;
				CLANG_WARN__DUPLICATE_METHOD_MATCH = YES;
				"CODE_SIGN_IDENTITY[sdk=iphoneos*]" = "iPhone Developer";
				COPY_PHASE_STRIP = NO;
				DEBUG_INFORMATION_FORMAT = dwarf;
				ENABLE_STRICT_OBJC_MSGSEND = YES;
				ENABLE_TESTABILITY = YES;
				GCC_C_LANGUAGE_STANDARD = gnu99;
				GCC_DYNAMIC_NO_PIC = NO;
				GCC_NO_COMMON_BLOCKS = YES;
				GCC_OPTIMIZATION_LEVEL = 0;
				GCC_PREPROCESSOR_DEFINITIONS = (
					"DEBUG=1",
					"$(inherited)",
				);
				GCC_WARN_64_TO_32_BIT_CONVERSION = YES;
				GCC_WARN_ABOUT_RETURN_TYPE = YES_ERROR;
				GCC_WARN_UNDECLARED_SELECTOR = YES;
				GCC_WARN_UNINITIALIZED_AUTOS = YES_AGGRESSIVE;
				GCC_WARN_UNUSED_FUNCTION = YES;
				GCC_WARN_UNUSED_VARIABLE = YES;
				IPHONEOS_DEPLOYMENT_TARGET = 9.3;
				MTL_ENABLE_DEBUG_INFO = YES;
				ONLY_ACTIVE_ARCH = YES;
				SDKROOT = iphoneos;
				TARGETED_DEVICE_FAMILY = "1,2";
			};
			name = Debug;
		};
		4B6E48321D25441000938519 /* Release */ = {
			isa = XCBuildConfiguration;
			buildSettings = {
				ALWAYS_SEARCH_USER_PATHS = NO;
				CLANG_ANALYZER_NONNULL = YES;
				CLANG_CXX_LANGUAGE_STANDARD = "gnu++0x";
				CLANG_CXX_LIBRARY = "libc++";
				CLANG_ENABLE_MODULES = YES;
				CLANG_ENABLE_OBJC_ARC = YES;
				CLANG_WARN_BOOL_CONVERSION = YES;
				CLANG_WARN_CONSTANT_CONVERSION = YES;
				CLANG_WARN_DIRECT_OBJC_ISA_USAGE = YES_ERROR;
				CLANG_WARN_EMPTY_BODY = YES;
				CLANG_WARN_ENUM_CONVERSION = YES;
				CLANG_WARN_INT_CONVERSION = YES;
				CLANG_WARN_OBJC_ROOT_CLASS = YES_ERROR;
				CLANG_WARN_UNREACHABLE_CODE = YES;
				CLANG_WARN__DUPLICATE_METHOD_MATCH = YES;
				"CODE_SIGN_IDENTITY[sdk=iphoneos*]" = "iPhone Developer";
				COPY_PHASE_STRIP = NO;
				DEBUG_INFORMATION_FORMAT = "dwarf-with-dsym";
				ENABLE_NS_ASSERTIONS = NO;
				ENABLE_STRICT_OBJC_MSGSEND = YES;
				GCC_C_LANGUAGE_STANDARD = gnu99;
				GCC_NO_COMMON_BLOCKS = YES;
				GCC_WARN_64_TO_32_BIT_CONVERSION = YES;
				GCC_WARN_ABOUT_RETURN_TYPE = YES_ERROR;
				GCC_WARN_UNDECLARED_SELECTOR = YES;
				GCC_WARN_UNINITIALIZED_AUTOS = YES_AGGRESSIVE;
				GCC_WARN_UNUSED_FUNCTION = YES;
				GCC_WARN_UNUSED_VARIABLE = YES;
				IPHONEOS_DEPLOYMENT_TARGET = 9.3;
				MTL_ENABLE_DEBUG_INFO = NO;
				SDKROOT = iphoneos;
				TARGETED_DEVICE_FAMILY = "1,2";
				VALIDATE_PRODUCT = YES;
			};
			name = Release;
		};
		4B6E48341D25441000938519 /* Debug */ = {
			isa = XCBuildConfiguration;
			baseConfigurationReference = BCD9DFEC3B5C61BD1DBD583C /* Pods.debug.xcconfig */;
			buildSettings = {
				ASSETCATALOG_COMPILER_APPICON_NAME = AppIcon;
				INFOPLIST_FILE = LcRNTestDemo/Info.plist;
				LD_RUNPATH_SEARCH_PATHS = "$(inherited) @executable_path/Frameworks";
				PRODUCT_BUNDLE_IDENTIFIER = com.pingan.LcRNTestDemo;
				PRODUCT_NAME = "$(TARGET_NAME)";
			};
			name = Debug;
		};
		4B6E48351D25441000938519 /* Release */ = {
			isa = XCBuildConfiguration;
			baseConfigurationReference = CA1E4E9401DF21CFBA7E59F0 /* Pods.release.xcconfig */;
			buildSettings = {
				ASSETCATALOG_COMPILER_APPICON_NAME = AppIcon;
				INFOPLIST_FILE = LcRNTestDemo/Info.plist;
				LD_RUNPATH_SEARCH_PATHS = "$(inherited) @executable_path/Frameworks";
				PRODUCT_BUNDLE_IDENTIFIER = com.pingan.LcRNTestDemo;
				PRODUCT_NAME = "$(TARGET_NAME)";
			};
			name = Release;
		};
		4B6E48371D25441000938519 /* Debug */ = {
			isa = XCBuildConfiguration;
			buildSettings = {
				BUNDLE_LOADER = "$(TEST_HOST)";
				INFOPLIST_FILE = LcRNTestDemoTests/Info.plist;
				LD_RUNPATH_SEARCH_PATHS = "$(inherited) @executable_path/Frameworks @loader_path/Frameworks";
				PRODUCT_BUNDLE_IDENTIFIER = com.pingan.LcRNTestDemoTests;
				PRODUCT_NAME = "$(TARGET_NAME)";
				TEST_HOST = "$(BUILT_PRODUCTS_DIR)/LcRNTestDemo.app/LcRNTestDemo";
			};
			name = Debug;
		};
		4B6E48381D25441000938519 /* Release */ = {
			isa = XCBuildConfiguration;
			buildSettings = {
				BUNDLE_LOADER = "$(TEST_HOST)";
				INFOPLIST_FILE = LcRNTestDemoTests/Info.plist;
				LD_RUNPATH_SEARCH_PATHS = "$(inherited) @executable_path/Frameworks @loader_path/Frameworks";
				PRODUCT_BUNDLE_IDENTIFIER = com.pingan.LcRNTestDemoTests;
				PRODUCT_NAME = "$(TARGET_NAME)";
				TEST_HOST = "$(BUILT_PRODUCTS_DIR)/LcRNTestDemo.app/LcRNTestDemo";
			};
			name = Release;
		};
		4B6E483A1D25441000938519 /* Debug */ = {
			isa = XCBuildConfiguration;
			buildSettings = {
				INFOPLIST_FILE = LcRNTestDemoUITests/Info.plist;
				LD_RUNPATH_SEARCH_PATHS = "$(inherited) @executable_path/Frameworks @loader_path/Frameworks";
				PRODUCT_BUNDLE_IDENTIFIER = com.pingan.LcRNTestDemoUITests;
				PRODUCT_NAME = "$(TARGET_NAME)";
				TEST_TARGET_NAME = LcRNTestDemo;
			};
			name = Debug;
		};
		4B6E483B1D25441000938519 /* Release */ = {
			isa = XCBuildConfiguration;
			buildSettings = {
				INFOPLIST_FILE = LcRNTestDemoUITests/Info.plist;
				LD_RUNPATH_SEARCH_PATHS = "$(inherited) @executable_path/Frameworks @loader_path/Frameworks";
				PRODUCT_BUNDLE_IDENTIFIER = com.pingan.LcRNTestDemoUITests;
				PRODUCT_NAME = "$(TARGET_NAME)";
				TEST_TARGET_NAME = LcRNTestDemo;
			};
			name = Release;
		};
/* End XCBuildConfiguration section */

/* Begin XCConfigurationList section */
		4B6E48011D25440F00938519 /* Build configuration list for PBXProject "LcRNTestDemo" */ = {
			isa = XCConfigurationList;
			buildConfigurations = (
				4B6E48311D25441000938519 /* Debug */,
				4B6E48321D25441000938519 /* Release */,
			);
			defaultConfigurationIsVisible = 0;
			defaultConfigurationName = Release;
		};
		4B6E48331D25441000938519 /* Build configuration list for PBXNativeTarget "LcRNTestDemo" */ = {
			isa = XCConfigurationList;
			buildConfigurations = (
				4B6E48341D25441000938519 /* Debug */,
				4B6E48351D25441000938519 /* Release */,
			);
			defaultConfigurationIsVisible = 0;
			defaultConfigurationName = Release;
		};
		4B6E48361D25441000938519 /* Build configuration list for PBXNativeTarget "LcRNTestDemoTests" */ = {
			isa = XCConfigurationList;
			buildConfigurations = (
				4B6E48371D25441000938519 /* Debug */,
				4B6E48381D25441000938519 /* Release */,
			);
			defaultConfigurationIsVisible = 0;
			defaultConfigurationName = Release;
		};
		4B6E48391D25441000938519 /* Build configuration list for PBXNativeTarget "LcRNTestDemoUITests" */ = {
			isa = XCConfigurationList;
			buildConfigurations = (
				4B6E483A1D25441000938519 /* Debug */,
				4B6E483B1D25441000938519 /* Release */,
			);
			defaultConfigurationIsVisible = 0;
			defaultConfigurationName = Release;
		};
/* End XCConfigurationList section */
	};
	rootObject = 4B6E47FE1D25440F00938519 /* Project object */;
}
